// !$*UTF8*$!
{
	archiveVersion = 1;
	classes = {
	};
	objectVersion = 55;
	objects = {

/* Begin PBXBuildFile section */
		273425D627945914009F88A7 /* Snake_swiftUIApp.swift in Sources */ = {isa = PBXBuildFile; fileRef = 273425D527945914009F88A7 /* Snake_swiftUIApp.swift */; };
		273425DA27945915009F88A7 /* Assets.xcassets in Resources */ = {isa = PBXBuildFile; fileRef = 273425D927945915009F88A7 /* Assets.xcassets */; };
		273425DD27945915009F88A7 /* Preview Assets.xcassets in Resources */ = {isa = PBXBuildFile; fileRef = 273425DC27945915009F88A7 /* Preview Assets.xcassets */; };
		273425E527945998009F88A7 /* GameView.swift in Sources */ = {isa = PBXBuildFile; fileRef = 273425E427945998009F88A7 /* GameView.swift */; };
		273425E727945F78009F88A7 /* KeyboardView.swift in Sources */ = {isa = PBXBuildFile; fileRef = 273425E627945F78009F88A7 /* KeyboardView.swift */; };
		273425E92794601C009F88A7 /* KeyView.swift in Sources */ = {isa = PBXBuildFile; fileRef = 273425E82794601C009F88A7 /* KeyView.swift */; };
		273425ED27946482009F88A7 /* Game.swift in Sources */ = {isa = PBXBuildFile; fileRef = 273425EC27946482009F88A7 /* Game.swift */; };
		273425EF27946F77009F88A7 /* Alert.swift in Sources */ = {isa = PBXBuildFile; fileRef = 273425EE27946F76009F88A7 /* Alert.swift */; };
		273425F127946FE3009F88A7 /* GameViewModel.swift in Sources */ = {isa = PBXBuildFile; fileRef = 273425F027946FE3009F88A7 /* GameViewModel.swift */; };
		273425F527947C52009F88A7 /* Brain.swift in Sources */ = {isa = PBXBuildFile; fileRef = 273425F427947C52009F88A7 /* Brain.swift */; };
/* End PBXBuildFile section */

/* Begin PBXFileReference section */
		273425D227945914009F88A7 /* Snake-swiftUI.app */ = {isa = PBXFileReference; explicitFileType = wrapper.application; includeInIndex = 0; path = "Snake-swiftUI.app"; sourceTree = BUILT_PRODUCTS_DIR; };
		273425D527945914009F88A7 /* Snake_swiftUIApp.swift */ = {isa = PBXFileReference; lastKnownFileType = sourcecode.swift; path = Snake_swiftUIApp.swift; sourceTree = "<group>"; };
		273425D927945915009F88A7 /* Assets.xcassets */ = {isa = PBXFileReference; lastKnownFileType = folder.assetcatalog; path = Assets.xcassets; sourceTree = "<group>"; };
		273425DC27945915009F88A7 /* Preview Assets.xcassets */ = {isa = PBXFileReference; lastKnownFileType = folder.assetcatalog; path = "Preview Assets.xcassets"; sourceTree = "<group>"; };
		273425E427945998009F88A7 /* GameView.swift */ = {isa = PBXFileReference; lastKnownFileType = sourcecode.swift; path = GameView.swift; sourceTree = "<group>"; };
		273425E627945F78009F88A7 /* KeyboardView.swift */ = {isa = PBXFileReference; lastKnownFileType = sourcecode.swift; path = KeyboardView.swift; sourceTree = "<group>"; };
		273425E82794601C009F88A7 /* KeyView.swift */ = {isa = PBXFileReference; lastKnownFileType = sourcecode.swift; path = KeyView.swift; sourceTree = "<group>"; };
		273425EC27946482009F88A7 /* Game.swift */ = {isa = PBXFileReference; lastKnownFileType = sourcecode.swift; path = Game.swift; sourceTree = "<group>"; };
		273425EE27946F76009F88A7 /* Alert.swift */ = {isa = PBXFileReference; lastKnownFileType = sourcecode.swift; path = Alert.swift; sourceTree = "<group>"; };
		273425F027946FE3009F88A7 /* GameViewModel.swift */ = {isa = PBXFileReference; lastKnownFileType = sourcecode.swift; path = GameViewModel.swift; sourceTree = "<group>"; };
		273425F427947C52009F88A7 /* Brain.swift */ = {isa = PBXFileReference; lastKnownFileType = sourcecode.swift; path = Brain.swift; sourceTree = "<group>"; };
/* End PBXFileReference section */

/* Begin PBXFrameworksBuildPhase section */
		273425CF27945914009F88A7 /* Frameworks */ = {
			isa = PBXFrameworksBuildPhase;
			buildActionMask = 2147483647;
			files = (
			);
			runOnlyForDeploymentPostprocessing = 0;
		};
/* End PBXFrameworksBuildPhase section */

/* Begin PBXGroup section */
		273425C927945914009F88A7 = {
			isa = PBXGroup;
			children = (
				273425D427945914009F88A7 /* Snake-swiftUI */,
				273425D327945914009F88A7 /* Products */,
			);
			sourceTree = "<group>";
		};
		273425D327945914009F88A7 /* Products */ = {
			isa = PBXGroup;
			children = (
				273425D227945914009F88A7 /* Snake-swiftUI.app */,
			);
			name = Products;
			sourceTree = "<group>";
		};
		273425D427945914009F88A7 /* Snake-swiftUI */ = {
			isa = PBXGroup;
			children = (
				273425E32794598D009F88A7 /* Sources */,
				273425D527945914009F88A7 /* Snake_swiftUIApp.swift */,
				273425D927945915009F88A7 /* Assets.xcassets */,
				273425DB27945915009F88A7 /* Preview Content */,
			);
			path = "Snake-swiftUI";
			sourceTree = "<group>";
		};
		273425DB27945915009F88A7 /* Preview Content */ = {
			isa = PBXGroup;
			children = (
				273425DC27945915009F88A7 /* Preview Assets.xcassets */,
			);
			path = "Preview Content";
			sourceTree = "<group>";
		};
		273425E32794598D009F88A7 /* Sources */ = {
			isa = PBXGroup;
			children = (
				273425EB279463B6009F88A7 /* Game */,
				273425EA279463AF009F88A7 /* Views */,
			);
			path = Sources;
			sourceTree = "<group>";
		};
		273425EA279463AF009F88A7 /* Views */ = {
			isa = PBXGroup;
			children = (
				273425E427945998009F88A7 /* GameView.swift */,
				273425F027946FE3009F88A7 /* GameViewModel.swift */,
				273425E627945F78009F88A7 /* KeyboardView.swift */,
				273425E82794601C009F88A7 /* KeyView.swift */,
			);
			path = Views;
			sourceTree = "<group>";
		};
		273425EB279463B6009F88A7 /* Game */ = {
			isa = PBXGroup;
			children = (
				273425EC27946482009F88A7 /* Game.swift */,
				273425EE27946F76009F88A7 /* Alert.swift */,
				273425F427947C52009F88A7 /* Brain.swift */,
			);
			path = Game;
			sourceTree = "<group>";
		};
/* End PBXGroup section */

/* Begin PBXNativeTarget section */
		273425D127945914009F88A7 /* Snake-swiftUI */ = {
			isa = PBXNativeTarget;
			buildConfigurationList = 273425E027945915009F88A7 /* Build configuration list for PBXNativeTarget "Snake-swiftUI" */;
			buildPhases = (
				273425CE27945914009F88A7 /* Sources */,
				273425CF27945914009F88A7 /* Frameworks */,
				273425D027945914009F88A7 /* Resources */,
			);
			buildRules = (
			);
			dependencies = (
			);
			name = "Snake-swiftUI";
			productName = "Snake-swiftUI";
			productReference = 273425D227945914009F88A7 /* Snake-swiftUI.app */;
			productType = "com.apple.product-type.application";
		};
/* End PBXNativeTarget section */

/* Begin PBXProject section */
		273425CA27945914009F88A7 /* Project object */ = {
			isa = PBXProject;
			attributes = {
				BuildIndependentTargetsInParallel = 1;
				LastSwiftUpdateCheck = 1320;
				LastUpgradeCheck = 1320;
				TargetAttributes = {
					273425D127945914009F88A7 = {
						CreatedOnToolsVersion = 13.2.1;
					};
				};
			};
			buildConfigurationList = 273425CD27945914009F88A7 /* Build configuration list for PBXProject "Snake-swiftUI" */;
			compatibilityVersion = "Xcode 13.0";
			developmentRegion = en;
			hasScannedForEncodings = 0;
			knownRegions = (
				en,
				Base,
			);
			mainGroup = 273425C927945914009F88A7;
			productRefGroup = 273425D327945914009F88A7 /* Products */;
			projectDirPath = "";
			projectRoot = "";
			targets = (
				273425D127945914009F88A7 /* Snake-swiftUI */,
			);
		};
/* End PBXProject section */

/* Begin PBXResourcesBuildPhase section */
		273425D027945914009F88A7 /* Resources */ = {
			isa = PBXResourcesBuildPhase;
			buildActionMask = 2147483647;
			files = (
				273425DD27945915009F88A7 /* Preview Assets.xcassets in Resources */,
				273425DA27945915009F88A7 /* Assets.xcassets in Resources */,
			);
			runOnlyForDeploymentPostprocessing = 0;
		};
/* End PBXResourcesBuildPhase section */

/* Begin PBXSourcesBuildPhase section */
		273425CE27945914009F88A7 /* Sources */ = {
			isa = PBXSourcesBuildPhase;
			buildActionMask = 2147483647;
			files = (
				273425EF27946F77009F88A7 /* Alert.swift in Sources */,
				273425E92794601C009F88A7 /* KeyView.swift in Sources */,
				273425F527947C52009F88A7 /* Brain.swift in Sources */,
				273425ED27946482009F88A7 /* Game.swift in Sources */,
				273425E727945F78009F88A7 /* KeyboardView.swift in Sources */,
				273425E527945998009F88A7 /* GameView.swift in Sources */,
				273425D627945914009F88A7 /* Snake_swiftUIApp.swift in Sources */,
				273425F127946FE3009F88A7 /* GameViewModel.swift in Sources */,
			);
			runOnlyForDeploymentPostprocessing = 0;
		};
/* End PBXSourcesBuildPhase section */

/* Begin XCBuildConfiguration section */
		273425DE27945915009F88A7 /* Debug */ = {
			isa = XCBuildConfiguration;
			buildSettings = {
				ALWAYS_SEARCH_USER_PATHS = NO;
				CLANG_ANALYZER_NONNULL = YES;
				CLANG_ANALYZER_NUMBER_OBJECT_CONVERSION = YES_AGGRESSIVE;
				CLANG_CXX_LANGUAGE_STANDARD = "gnu++17";
				CLANG_CXX_LIBRARY = "libc++";
				CLANG_ENABLE_MODULES = YES;
				CLANG_ENABLE_OBJC_ARC = YES;
				CLANG_ENABLE_OBJC_WEAK = YES;
				CLANG_WARN_BLOCK_CAPTURE_AUTORELEASING = YES;
				CLANG_WARN_BOOL_CONVERSION = YES;
				CLANG_WARN_COMMA = YES;
				CLANG_WARN_CONSTANT_CONVERSION = YES;
				CLANG_WARN_DEPRECATED_OBJC_IMPLEMENTATIONS = YES;
				CLANG_WARN_DIRECT_OBJC_ISA_USAGE = YES_ERROR;
				CLANG_WARN_DOCUMENTATION_COMMENTS = YES;
				CLANG_WARN_EMPTY_BODY = YES;
				CLANG_WARN_ENUM_CONVERSION = YES;
				CLANG_WARN_INFINITE_RECURSION = YES;
				CLANG_WARN_INT_CONVERSION = YES;
				CLANG_WARN_NON_LITERAL_NULL_CONVERSION = YES;
				CLANG_WARN_OBJC_IMPLICIT_RETAIN_SELF = YES;
				CLANG_WARN_OBJC_LITERAL_CONVERSION = YES;
				CLANG_WARN_OBJC_ROOT_CLASS = YES_ERROR;
				CLANG_WARN_QUOTED_INCLUDE_IN_FRAMEWORK_HEADER = YES;
				CLANG_WARN_RANGE_LOOP_ANALYSIS = YES;
				CLANG_WARN_STRICT_PROTOTYPES = YES;
				CLANG_WARN_SUSPICIOUS_MOVE = YES;
				CLANG_WARN_UNGUARDED_AVAILABILITY = YES_AGGRESSIVE;
				CLANG_WARN_UNREACHABLE_CODE = YES;
				CLANG_WARN__DUPLICATE_METHOD_MATCH = YES;
				COPY_PHASE_STRIP = NO;
				DEBUG_INFORMATION_FORMAT = dwarf;
				ENABLE_STRICT_OBJC_MSGSEND = YES;
				ENABLE_TESTABILITY = YES;
				GCC_C_LANGUAGE_STANDARD = gnu11;
				GCC_DYNAMIC_NO_PIC = NO;
				GCC_NO_COMMON_BLOCKS = YES;
				GCC_OPTIMIZATION_LEVEL = 0;
				GCC_PREPROCESSOR_DEFINITIONS = (
					"DEBUG=1",
					"$(inherited)",
				);
				GCC_WARN_64_TO_32_BIT_CONVERSION = YES;
				GCC_WARN_ABOUT_RETURN_TYPE = YES_ERROR;
				GCC_WARN_UNDECLARED_SELECTOR = YES;
				GCC_WARN_UNINITIALIZED_AUTOS = YES_AGGRESSIVE;
				GCC_WARN_UNUSED_FUNCTION = YES;
				GCC_WARN_UNUSED_VARIABLE = YES;
				IPHONEOS_DEPLOYMENT_TARGET = 15.2;
				MTL_ENABLE_DEBUG_INFO = INCLUDE_SOURCE;
				MTL_FAST_MATH = YES;
				ONLY_ACTIVE_ARCH = YES;
				SDKROOT = iphoneos;
				SWIFT_ACTIVE_COMPILATION_CONDITIONS = DEBUG;
				SWIFT_OPTIMIZATION_LEVEL = "-Onone";
			};
			name = Debug;
		};
		273425DF27945915009F88A7 /* Release */ = {
			isa = XCBuildConfiguration;
			buildSettings = {
				ALWAYS_SEARCH_USER_PATHS = NO;
				CLANG_ANALYZER_NONNULL = YES;
				CLANG_ANALYZER_NUMBER_OBJECT_CONVERSION = YES_AGGRESSIVE;
				CLANG_CXX_LANGUAGE_STANDARD = "gnu++17";
				CLANG_CXX_LIBRARY = "libc++";
				CLANG_ENABLE_MODULES = YES;
				CLANG_ENABLE_OBJC_ARC = YES;
				CLANG_ENABLE_OBJC_WEAK = YES;
				CLANG_WARN_BLOCK_CAPTURE_AUTORELEASING = YES;
				CLANG_WARN_BOOL_CONVERSION = YES;
				CLANG_WARN_COMMA = YES;
				CLANG_WARN_CONSTANT_CONVERSION = YES;
				CLANG_WARN_DEPRECATED_OBJC_IMPLEMENTATIONS = YES;
				CLANG_WARN_DIRECT_OBJC_ISA_USAGE = YES_ERROR;
				CLANG_WARN_DOCUMENTATION_COMMENTS = YES;
				CLANG_WARN_EMPTY_BODY = YES;
				CLANG_WARN_ENUM_CONVERSION = YES;
				CLANG_WARN_INFINITE_RECURSION = YES;
				CLANG_WARN_INT_CONVERSION = YES;
				CLANG_WARN_NON_LITERAL_NULL_CONVERSION = YES;
				CLANG_WARN_OBJC_IMPLICIT_RETAIN_SELF = YES;
				CLANG_WARN_OBJC_LITERAL_CONVERSION = YES;
				CLANG_WARN_OBJC_ROOT_CLASS = YES_ERROR;
				CLANG_WARN_QUOTED_INCLUDE_IN_FRAMEWORK_HEADER = YES;
				CLANG_WARN_RANGE_LOOP_ANALYSIS = YES;
				CLANG_WARN_STRICT_PROTOTYPES = YES;
				CLANG_WARN_SUSPICIOUS_MOVE = YES;
				CLANG_WARN_UNGUARDED_AVAILABILITY = YES_AGGRESSIVE;
				CLANG_WARN_UNREACHABLE_CODE = YES;
				CLANG_WARN__DUPLICATE_METHOD_MATCH = YES;
				COPY_PHASE_STRIP = NO;
				DEBUG_INFORMATION_FORMAT = "dwarf-with-dsym";
				ENABLE_NS_ASSERTIONS = NO;
				ENABLE_STRICT_OBJC_MSGSEND = YES;
				GCC_C_LANGUAGE_STANDARD = gnu11;
				GCC_NO_COMMON_BLOCKS = YES;
				GCC_WARN_64_TO_32_BIT_CONVERSION = YES;
				GCC_WARN_ABOUT_RETURN_TYPE = YES_ERROR;
				GCC_WARN_UNDECLARED_SELECTOR = YES;
				GCC_WARN_UNINITIALIZED_AUTOS = YES_AGGRESSIVE;
				GCC_WARN_UNUSED_FUNCTION = YES;
				GCC_WARN_UNUSED_VARIABLE = YES;
				IPHONEOS_DEPLOYMENT_TARGET = 15.2;
				MTL_ENABLE_DEBUG_INFO = NO;
				MTL_FAST_MATH = YES;
				SDKROOT = iphoneos;
				SWIFT_COMPILATION_MODE = wholemodule;
				SWIFT_OPTIMIZATION_LEVEL = "-O";
				VALIDATE_PRODUCT = YES;
			};
			name = Release;
		};
		273425E127945915009F88A7 /* Debug */ = {
			isa = XCBuildConfiguration;
			buildSettings = {
				ASSETCATALOG_COMPILER_APPICON_NAME = AppIcon;
				ASSETCATALOG_COMPILER_GLOBAL_ACCENT_COLOR_NAME = AccentColor;
				CODE_SIGN_STYLE = Automatic;
				CURRENT_PROJECT_VERSION = 1;
				DEVELOPMENT_ASSET_PATHS = "\"Snake-swiftUI/Preview Content\"";
				DEVELOPMENT_TEAM = HRQQK2Q9MR;
				ENABLE_PREVIEWS = YES;
				GENERATE_INFOPLIST_FILE = YES;
				INFOPLIST_KEY_UIApplicationSceneManifest_Generation = YES;
				INFOPLIST_KEY_UIApplicationSupportsIndirectInputEvents = YES;
				INFOPLIST_KEY_UILaunchScreen_Generation = YES;
				INFOPLIST_KEY_UISupportedInterfaceOrientations_iPad = "UIInterfaceOrientationPortrait UIInterfaceOrientationPortraitUpsideDown UIInterfaceOrientationLandscapeLeft UIInterfaceOrientationLandscapeRight";
				INFOPLIST_KEY_UISupportedInterfaceOrientations_iPhone = "UIInterfaceOrientationPortrait UIInterfaceOrientationLandscapeLeft UIInterfaceOrientationLandscapeRight";
				LD_RUNPATH_SEARCH_PATHS = (
					"$(inherited)",
					"@executable_path/Frameworks",
				);
				MARKETING_VERSION = 1.0;
				PRODUCT_BUNDLE_IDENTIFIER = "com.tana.Snake-swiftUI";
				PRODUCT_NAME = "$(TARGET_NAME)";
				SWIFT_EMIT_LOC_STRINGS = YES;
				SWIFT_VERSION = 5.0;
				TARGETED_DEVICE_FAMILY = "1,2";
			};
			name = Debug;
		};
		273425E227945915009F88A7 /* Release */ = {
			isa = XCBuildConfiguration;
			buildSettings = {
				ASSETCATALOG_COMPILER_APPICON_NAME = AppIcon;
				ASSETCATALOG_COMPILER_GLOBAL_ACCENT_COLOR_NAME = AccentColor;
				CODE_SIGN_STYLE = Automatic;
				CURRENT_PROJECT_VERSION = 1;
				DEVELOPMENT_ASSET_PATHS = "\"Snake-swiftUI/Preview Content\"";
				DEVELOPMENT_TEAM = HRQQK2Q9MR;
				ENABLE_PREVIEWS = YES;
				GENERATE_INFOPLIST_FILE = YES;
				INFOPLIST_KEY_UIApplicationSceneManifest_Generation = YES;
				INFOPLIST_KEY_UIApplicationSupportsIndirectInputEvents = YES;
				INFOPLIST_KEY_UILaunchScreen_Generation = YES;
				INFOPLIST_KEY_UISupportedInterfaceOrientations_iPad = "UIInterfaceOrientationPortrait UIInterfaceOrientationPortraitUpsideDown UIInterfaceOrientationLandscapeLeft UIInterfaceOrientationLandscapeRight";
				INFOPLIST_KEY_UISupportedInterfaceOrientations_iPhone = "UIInterfaceOrientationPortrait UIInterfaceOrientationLandscapeLeft UIInterfaceOrientationLandscapeRight";
				LD_RUNPATH_SEARCH_PATHS = (
					"$(inherited)",
					"@executable_path/Frameworks",
				);
				MARKETING_VERSION = 1.0;
				PRODUCT_BUNDLE_IDENTIFIER = "com.tana.Snake-swiftUI";
				PRODUCT_NAME = "$(TARGET_NAME)";
				SWIFT_EMIT_LOC_STRINGS = YES;
				SWIFT_VERSION = 5.0;
				TARGETED_DEVICE_FAMILY = "1,2";
			};
			name = Release;
		};
/* End XCBuildConfiguration section */

/* Begin XCConfigurationList section */
		273425CD27945914009F88A7 /* Build configuration list for PBXProject "Snake-swiftUI" */ = {
			isa = XCConfigurationList;
			buildConfigurations = (
				273425DE27945915009F88A7 /* Debug */,
				273425DF27945915009F88A7 /* Release */,
			);
			defaultConfigurationIsVisible = 0;
			defaultConfigurationName = Release;
		};
		273425E027945915009F88A7 /* Build configuration list for PBXNativeTarget "Snake-swiftUI" */ = {
			isa = XCConfigurationList;
			buildConfigurations = (
				273425E127945915009F88A7 /* Debug */,
				273425E227945915009F88A7 /* Release */,
			);
			defaultConfigurationIsVisible = 0;
			defaultConfigurationName = Release;
		};
/* End XCConfigurationList section */
	};
	rootObject = 273425CA27945914009F88A7 /* Project object */;
}
